
Microsoft Visual Studio Solution File, Format Version 12.00
# Visual Studio Version 17
VisualStudioVersion = 17.8.34330.188
MinimumVisualStudioVersion = 10.0.40219.1
Project("{FAE04EC0-301F-11D3-BF4B-00C04F79EFBC}") = "WebApp", "WebApp\WebApp.csproj", "{94A80153-C723-4B36-9B24-2220CE9CEC37}"
EndProject
Global
	GlobalSection(SolutionConfigurationPlatforms) = preSolution
		Debug|Any CPU = Debug|Any CPU
		Release|Any CPU = Release|Any CPU
	EndGlobalSection
	GlobalSection(ProjectConfigurationPlatforms) = postSolution
		{94A80153-C723-4B36-9B24-2220CE9CEC37}.Debug|Any CPU.ActiveCfg = Debug|Any CPU
		{94A80153-C723-4B36-9B24-2220CE9CEC37}.Debug|Any CPU.Build.0 = Debug|Any CPU
		{94A80153-C723-4B36-9B24-2220CE9CEC37}.Release|Any CPU.ActiveCfg = Release|Any CPU
		{94A80153-C723-4B36-9B24-2220CE9CEC37}.Release|Any CPU.Build.0 = Release|Any CPU
	EndGlobalSection
	GlobalSection(SolutionProperties) = preSolution
		HideSolutionNode = FALSE
	EndGlobalSection
	GlobalSection(ExtensibilityGlobals) = postSolution
		SolutionGuid = {2364F7DA-1926-491E-827C-BFB00564D4A6}
	EndGlobalSection
EndGlobal
